
Microsoft Visual Studio Solution File, Format Version 12.00
# Visual Studio Version 16
VisualStudioVersion = 16.0.30717.126
MinimumVisualStudioVersion = 10.0.40219.1
Project("{FAE04EC0-301F-11D3-BF4B-00C04F79EFBC}") = "osu! Replay Loader", "osu! Replay Loader\osu! Replay Loader.csproj", "{EF03F2E7-B993-4225-AE6F-EE91B1F5CFC5}"
EndProject
Global
	GlobalSection(SolutionConfigurationPlatforms) = preSolution
		Debug|Any CPU = Debug|Any CPU
		Release|Any CPU = Release|Any CPU
	EndGlobalSection
	GlobalSection(ProjectConfigurationPlatforms) = postSolution
		{EF03F2E7-B993-4225-AE6F-EE91B1F5CFC5}.Debug|Any CPU.ActiveCfg = Debug|Any CPU
		{EF03F2E7-B993-4225-AE6F-EE91B1F5CFC5}.Debug|Any CPU.Build.0 = Debug|Any CPU
		{EF03F2E7-B993-4225-AE6F-EE91B1F5CFC5}.Release|Any CPU.ActiveCfg = Release|Any CPU
		{EF03F2E7-B993-4225-AE6F-EE91B1F5CFC5}.Release|Any CPU.Build.0 = Release|Any CPU
	EndGlobalSection
	GlobalSection(SolutionProperties) = preSolution
		HideSolutionNode = FALSE
	EndGlobalSection
	GlobalSection(ExtensibilityGlobals) = postSolution
		SolutionGuid = {747B5D95-2CFC-4BA9-B70C-7A00BCC4F2EE}
	EndGlobalSection
EndGlobal
